<?xml version="1.0" encoding="utf-8"?>
<Project ToolsVersion="4.0" xmlns="http://schemas.microsoft.com/developer/msbuild/2003">
  <ItemGroup>
    <Filter Include="Source Files">
      <UniqueIdentifier>{4FC737F1-C7A5-4376-A066-2A32D752A2FF}</UniqueIdentifier>
      <Extensions>cpp;c;cc;cxx;def;odl;idl;hpj;bat;asm;asmx</Extensions>
    </Filter>
    <Filter Include="Header Files">
      <UniqueIdentifier>{93995380-89BD-4b04-88EB-625FBE52EBFB}</UniqueIdentifier>
      <Extensions>h;hh;hpp;hxx;hm;inl;inc;xsd</Extensions>
    </Filter>
    <Filter Include="Resource Files">
      <UniqueIdentifier>{67DA6AB6-F800-4c08-8B7A-83BB121AAD01}</UniqueIdentifier>
      <Extensions>rc;ico;cur;bmp;dlg;rc2;rct;bin;rgs;gif;jpg;jpeg;jpe;resx;tiff;tif;png;wav;mfcribbon-ms</Extensions>
    </Filter>
    <Filter Include="Header Files\d3d9">
      <UniqueIdentifier>{01c721fa-4019-4d33-bb33-bce4d4d71129}</UniqueIdentifier>
    </Filter>
    <Filter Include="Source Files\d3d9">
      <UniqueIdentifier>{8ee3c090-771a-4ae7-999c-692d7cd5163e}</UniqueIdentifier>
    </Filter>
    <Filter Include="Source Files\Core">
      <UniqueIdentifier>{25619944-18fd-4bb1-8806-a34d585373a9}</UniqueIdentifier>
    </Filter>
    <Filter Include="Header Files\Core">
      <UniqueIdentifier>{ed04ecc8-c8c2-4e33-ab0c-7dd0f2f9c1c5}</UniqueIdentifier>
    </Filter>
  </ItemGroup>
  <ItemGroup>
    <ClInclude Include="stdafx.h">
      <Filter>Header Files</Filter>
    </ClInclude>
    <ClInclude Include="d3d9\d3d9.h">
      <Filter>Header Files\d3d9</Filter>
    </ClInclude>
    <ClInclude Include="d3d9\d3dx9.h">
      <Filter>Header Files\d3d9</Filter>
    </ClInclude>
    <ClInclude Include="d3d9\myIDirect3D9.h">
      <Filter>Header Files\d3d9</Filter>
    </ClInclude>
    <ClInclude Include="d3d9\myIDirect3DDevice9.h">
      <Filter>Header Files\d3d9</Filter>
    </ClInclude>
    <ClInclude Include="d3d9\myIDirect3DSwapChain9.h">
      <Filter>Header Files\d3d9</Filter>
    </ClInclude>
    <ClInclude Include="COffsets.h">
      <Filter>Header Files\Core</Filter>
    </ClInclude>
    <ClInclude Include="CGame.h">
      <Filter>Header Files\Core</Filter>
    </ClInclude>
    <ClInclude Include="CConsole.h">
      <Filter>Header Files\Core</Filter>
    </ClInclude>
    <ClInclude Include="CUIStrings.h">
      <Filter>Header Files\Core</Filter>
    </ClInclude>
    <ClInclude Include="utils.h">
      <Filter>Header Files</Filter>
    </ClInclude>
    <ClInclude Include="CCommands.h">
      <Filter>Header Files\Core</Filter>
    </ClInclude>
    <ClInclude Include="CFastFiles.h">
      <Filter>Header Files\Core</Filter>
    </ClInclude>
    <ClInclude Include="CExperiments.h">
      <Filter>Header Files\Core</Filter>
    </ClInclude>
    <ClInclude Include="CProfiles.h">
      <Filter>Header Files\Core</Filter>
    </ClInclude>
    <ClInclude Include="CUIStringsSEH.h">
      <Filter>Header Files\Core</Filter>
    </ClInclude>
  </ItemGroup>
  <ItemGroup>
    <ClCompile Include="myIDirect3D9.cpp">
      <Filter>Source Files\d3d9</Filter>
    </ClCompile>
    <ClCompile Include="myIDirect3DDevice9.cpp">
      <Filter>Source Files\d3d9</Filter>
    </ClCompile>
    <ClCompile Include="myIDirect3DSwapChain9.cpp">
      <Filter>Source Files\d3d9</Filter>
    </ClCompile>
    <ClCompile Include="stdafx.cpp">
      <Filter>Source Files</Filter>
    </ClCompile>
    <ClCompile Include="dllmain.cpp">
      <Filter>Source Files</Filter>
    </ClCompile>
    <ClCompile Include="D3D9Hook.cpp">
      <Filter>Source Files\d3d9</Filter>
    </ClCompile>
    <ClCompile Include="CGame.cpp">
      <Filter>Source Files\Core</Filter>
    </ClCompile>
    <ClCompile Include="COffsets.cpp">
      <Filter>Source Files\Core</Filter>
    </ClCompile>
    <ClCompile Include="CConsole.cpp">
      <Filter>Source Files\Core</Filter>
    </ClCompile>
    <ClCompile Include="CUIStrings.cpp">
      <Filter>Source Files\Core</Filter>
    </ClCompile>
    <ClCompile Include="utils.cpp">
      <Filter>Source Files</Filter>
    </ClCompile>
    <ClCompile Include="CCommands.cpp">
      <Filter>Source Files\Core</Filter>
    </ClCompile>
    <ClCompile Include="CFastFiles.cpp">
      <Filter>Source Files\Core</Filter>
    </ClCompile>
    <ClCompile Include="CExperiments.cpp">
      <Filter>Source Files\Core</Filter>
    </ClCompile>
    <ClCompile Include="CProfiles.cpp">
      <Filter>Source Files\Core</Filter>
    </ClCompile>
    <ClCompile Include="CUIStringsSEH.cpp">
      <Filter>Source Files\Core</Filter>
    </ClCompile>
  </ItemGroup>
  <ItemGroup>
    <None Include="d3d9.def">
      <Filter>Source Files</Filter>
    </None>
  </ItemGroup>
</Project>